<?xml version="1.0" encoding="utf-8"?>
<Project ToolsVersion="4.0" xmlns="http://schemas.microsoft.com/developer/msbuild/2003">
  <ItemGroup>
    <Filter Include="Source Files">
      <UniqueIdentifier>{4FC737F1-C7A5-4376-A066-2A32D752A2FF}</UniqueIdentifier>
      <Extensions>cpp;c;cc;cxx;def;odl;idl;hpj;bat;asm;asmx</Extensions>
    </Filter>
    <Filter Include="Header Files">
      <UniqueIdentifier>{93995380-89BD-4b04-88EB-625FBE52EBFB}</UniqueIdentifier>
      <Extensions>h;hh;hpp;hxx;hm;inl;inc;xsd</Extensions>
    </Filter>
    <Filter Include="Resource Files">
      <UniqueIdentifier>{67DA6AB6-F800-4c08-8B7A-83BB121AAD01}</UniqueIdentifier>
      <Extensions>rc;ico;cur;bmp;dlg;rc2;rct;bin;rgs;gif;jpg;jpeg;jpe;resx;tiff;tif;png;wav;mfcribbon-ms</Extensions>
    </Filter>
    <Filter Include="Shader Files">
      <UniqueIdentifier>{264cc5e9-265b-4d8c-8e6a-401e9deaa8a4}</UniqueIdentifier>
    </Filter>
  </ItemGroup>
  <ItemGroup>
    <ClCompile Include="src\glad.c">
      <Filter>Source Files</Filter>
    </ClCompile>
    <ClCompile Include="src\main.cpp">
      <Filter>Source Files</Filter>
    </ClCompile>
  </ItemGroup>
  <ItemGroup>
    <ClInclude Include="headers\tiny_obj_loader.h">
      <Filter>Header Files</Filter>
    </ClInclude>
    <ClInclude Include="headers\wavefront.h">
      <Filter>Header Files</Filter>
    </ClInclude>
    <ClInclude Include="headers\standford_bunny.h">
      <Filter>Header Files</Filter>
    </ClInclude>
    <ClInclude Include="headers\view.h">
      <Filter>Header Files</Filter>
    </ClInclude>
    <ClInclude Include="headers\cube.h">
      <Filter>Header Files</Filter>
    </ClInclude>
  </ItemGroup>
  <ItemGroup>
    <None Include="shaders\3.1.3.debug_quad.vs" />
    <None Include="shaders\3.1.3.debug_quad_depth.fs" />
    <None Include="shaders\3.1.3.shadow_mapping.fs" />
    <None Include="shaders\3.1.3.shadow_mapping.vs" />
    <None Include="shaders\3.1.3.shadow_mapping_depth.fs" />
    <None Include="shaders\3.1.3.shadow_mapping_depth.vs" />
    <None Include="shaders\5.2.lamp.fs" />
    <None Include="shaders\5.2.lamp.vs" />
    <None Include="shaders\5.2.light_casters.fs" />
    <None Include="shaders\5.2.light_casters.vs" />
    <None Include="shaders\lamp.fs" />
    <None Include="shaders\lamp.vs" />
    <None Include="shaders\shadow_mapping.fs" />
    <None Include="shaders\shadow_mapping.vs" />
    <None Include="shaders\shadow_mapping_depth.fs" />
    <None Include="shaders\shadow_mapping_depth.vs" />
  </ItemGroup>
</Project>