
Microsoft Visual Studio Solution File, Format Version 12.00
# Visual Studio 15
VisualStudioVersion = 15.0.26730.12
MinimumVisualStudioVersion = 10.0.40219.1
Project("{8BC9CEB8-8B4A-11D0-8D11-00A0C91BC942}") = "Defered", "Defered\Defered.vcxproj", "{EC958EAC-EDFE-48B7-B476-33B5563223C4}"
EndProject
Global
	GlobalSection(SolutionConfigurationPlatforms) = preSolution
		Debug|x64 = Debug|x64
		Debug|x86 = Debug|x86
		Release|x64 = Release|x64
		Release|x86 = Release|x86
	EndGlobalSection
	GlobalSection(ProjectConfigurationPlatforms) = postSolution
		{EC958EAC-EDFE-48B7-B476-33B5563223C4}.Debug|x64.ActiveCfg = Debug|x64
		{EC958EAC-EDFE-48B7-B476-33B5563223C4}.Debug|x64.Build.0 = Debug|x64
		{EC958EAC-EDFE-48B7-B476-33B5563223C4}.Debug|x86.ActiveCfg = Debug|Win32
		{EC958EAC-EDFE-48B7-B476-33B5563223C4}.Debug|x86.Build.0 = Debug|Win32
		{EC958EAC-EDFE-48B7-B476-33B5563223C4}.Release|x64.ActiveCfg = Release|x64
		{EC958EAC-EDFE-48B7-B476-33B5563223C4}.Release|x64.Build.0 = Release|x64
		{EC958EAC-EDFE-48B7-B476-33B5563223C4}.Release|x86.ActiveCfg = Release|Win32
		{EC958EAC-EDFE-48B7-B476-33B5563223C4}.Release|x86.Build.0 = Release|Win32
	EndGlobalSection
	GlobalSection(SolutionProperties) = preSolution
		HideSolutionNode = FALSE
	EndGlobalSection
	GlobalSection(ExtensibilityGlobals) = postSolution
		SolutionGuid = {8972706C-2AEC-4658-9430-5BA8983E5679}
	EndGlobalSection
EndGlobal
